
Microsoft Visual Studio Solution File, Format Version 12.00
# Visual Studio Version 16
VisualStudioVersion = 16.0.31205.134
MinimumVisualStudioVersion = 10.0.40219.1
Project("{FAE04EC0-301F-11D3-BF4B-00C04F79EFBC}") = "Klinik Mangga Management Form", "Klinik Mangga Management Form.csproj", "{3F08DCE1-2B3A-436F-8804-5EBB87FA2B44}"
EndProject
Global
	GlobalSection(SolutionConfigurationPlatforms) = preSolution
		Debug|Any CPU = Debug|Any CPU
		Release|Any CPU = Release|Any CPU
	EndGlobalSection
	GlobalSection(ProjectConfigurationPlatforms) = postSolution
		{3F08DCE1-2B3A-436F-8804-5EBB87FA2B44}.Debug|Any CPU.ActiveCfg = Debug|Any CPU
		{3F08DCE1-2B3A-436F-8804-5EBB87FA2B44}.Debug|Any CPU.Build.0 = Debug|Any CPU
		{3F08DCE1-2B3A-436F-8804-5EBB87FA2B44}.Release|Any CPU.ActiveCfg = Release|Any CPU
		{3F08DCE1-2B3A-436F-8804-5EBB87FA2B44}.Release|Any CPU.Build.0 = Release|Any CPU
	EndGlobalSection
	GlobalSection(SolutionProperties) = preSolution
		HideSolutionNode = FALSE
	EndGlobalSection
	GlobalSection(ExtensibilityGlobals) = postSolution
		SolutionGuid = {8F363AD2-5F49-4C2F-933C-FB411822783F}
	EndGlobalSection
EndGlobal
